
Microsoft Visual Studio Solution File, Format Version 11.00
# Visual Studio 2010
Project("{FAE04EC0-301F-11D3-BF4B-00C04F79EFBC}") = "Tests", "Tests.csproj", "{D6544289-89AB-CCBC-0077-95161F5E6C2E}"
EndProject
Project("{FAE04EC0-301F-11D3-BF4B-00C04F79EFBC}") = "NeoNetwork", "NeoNetwork.csproj", "{04B6A025-B517-FDC8-618D-C9BCA8C3B918}"
EndProject
Global
	GlobalSection(SolutionConfigurationPlatforms) = preSolution
		Debug|Any CPU = Debug|Any CPU
		Release|Any CPU = Release|Any CPU
	EndGlobalSection
	GlobalSection(ProjectConfigurationPlatforms) = postSolution
		{D6544289-89AB-CCBC-0077-95161F5E6C2E}.Debug|Any CPU.ActiveCfg = Debug|Any CPU
		{D6544289-89AB-CCBC-0077-95161F5E6C2E}.Debug|Any CPU.Build.0 = Debug|Any CPU
		{D6544289-89AB-CCBC-0077-95161F5E6C2E}.Release|Any CPU.ActiveCfg = Release|Any CPU
		{D6544289-89AB-CCBC-0077-95161F5E6C2E}.Release|Any CPU.Build.0 = Release|Any CPU
		{04B6A025-B517-FDC8-618D-C9BCA8C3B918}.Debug|Any CPU.ActiveCfg = Debug|Any CPU
		{04B6A025-B517-FDC8-618D-C9BCA8C3B918}.Debug|Any CPU.Build.0 = Debug|Any CPU
		{04B6A025-B517-FDC8-618D-C9BCA8C3B918}.Release|Any CPU.ActiveCfg = Release|Any CPU
		{04B6A025-B517-FDC8-618D-C9BCA8C3B918}.Release|Any CPU.Build.0 = Release|Any CPU
	EndGlobalSection
	GlobalSection(SolutionProperties) = preSolution
		HideSolutionNode = FALSE
	EndGlobalSection
	GlobalSection(MonoDevelopProperties) = preSolution
		StartupItem = Assembly-CSharp.csproj
	EndGlobalSection
EndGlobal
