
Microsoft Visual Studio Solution File, Format Version 12.00
# Visual Studio 2013
VisualStudioVersion = 12.0.30501.0
MinimumVisualStudioVersion = 10.0.40219.1
Project("{FAE04EC0-301F-11D3-BF4B-00C04F79EFBC}") = "UnityVS.NeoNetwork.CSharp.Editor", "UnityVS.NeoNetwork.CSharp.Editor.csproj", "{BB5B29F9-661B-B785-CB16-4FACBCF2539D}"
EndProject
Project("{FAE04EC0-301F-11D3-BF4B-00C04F79EFBC}") = "UnityVS.NeoNetwork.CSharp", "UnityVS.NeoNetwork.CSharp.csproj", "{C2B1D519-99D4-0382-BE2F-2B50B8141511}"
EndProject
Project("{FAE04EC0-301F-11D3-BF4B-00C04F79EFBC}") = "UnityVS.NeoNetwork.CSharp.Plugins", "UnityVS.NeoNetwork.CSharp.Plugins.csproj", "{F8104F69-0F29-C80E-5661-D46305F74B43}"
EndProject
Global
	GlobalSection(SolutionConfigurationPlatforms) = preSolution
		Debug|Any CPU = Debug|Any CPU
		Release|Any CPU = Release|Any CPU
	EndGlobalSection
	GlobalSection(ProjectConfigurationPlatforms) = postSolution
		{BB5B29F9-661B-B785-CB16-4FACBCF2539D}.Debug|Any CPU.ActiveCfg = Debug|Any CPU
		{BB5B29F9-661B-B785-CB16-4FACBCF2539D}.Debug|Any CPU.Build.0 = Debug|Any CPU
		{BB5B29F9-661B-B785-CB16-4FACBCF2539D}.Release|Any CPU.ActiveCfg = Release|Any CPU
		{BB5B29F9-661B-B785-CB16-4FACBCF2539D}.Release|Any CPU.Build.0 = Release|Any CPU
		{C2B1D519-99D4-0382-BE2F-2B50B8141511}.Debug|Any CPU.ActiveCfg = Debug|Any CPU
		{C2B1D519-99D4-0382-BE2F-2B50B8141511}.Debug|Any CPU.Build.0 = Debug|Any CPU
		{C2B1D519-99D4-0382-BE2F-2B50B8141511}.Release|Any CPU.ActiveCfg = Release|Any CPU
		{C2B1D519-99D4-0382-BE2F-2B50B8141511}.Release|Any CPU.Build.0 = Release|Any CPU
		{F8104F69-0F29-C80E-5661-D46305F74B43}.Debug|Any CPU.ActiveCfg = Debug|Any CPU
		{F8104F69-0F29-C80E-5661-D46305F74B43}.Debug|Any CPU.Build.0 = Debug|Any CPU
		{F8104F69-0F29-C80E-5661-D46305F74B43}.Release|Any CPU.ActiveCfg = Release|Any CPU
		{F8104F69-0F29-C80E-5661-D46305F74B43}.Release|Any CPU.Build.0 = Release|Any CPU
	EndGlobalSection
	GlobalSection(SolutionProperties) = preSolution
		HideSolutionNode = FALSE
	EndGlobalSection
EndGlobal
